
Microsoft Visual Studio Solution File, Format Version 12.00
# Visual Studio 14
VisualStudioVersion = 14.0.25123.0
MinimumVisualStudioVersion = 10.0.40219.1
Project("{FAE04EC0-301F-11D3-BF4B-00C04F79EFBC}") = "SwitchMediaCandidateTest.Droid", "SwitchMediaCandidateTest\SwitchMediaCandidateTest.Droid\SwitchMediaCandidateTest.Droid.csproj", "{1962A9D2-1E89-49E9-B423-0BE88ED4C645}"
EndProject
Project("{FAE04EC0-301F-11D3-BF4B-00C04F79EFBC}") = "SwitchMediaCandidateTest.iOS", "SwitchMediaCandidateTest\SwitchMediaCandidateTest.iOS\SwitchMediaCandidateTest.iOS.csproj", "{42049A88-208B-42EA-B0B0-FCD599373074}"
EndProject
Project("{FAE04EC0-301F-11D3-BF4B-00C04F79EFBC}") = "SwitchMediaCandidateTest.WinPhone", "SwitchMediaCandidateTest\SwitchMediaCandidateTest.WinPhone\SwitchMediaCandidateTest.WinPhone.csproj", "{0E940DB0-7CFF-42B7-87F9-4FB0241F6FC3}"
EndProject
Project("{FAE04EC0-301F-11D3-BF4B-00C04F79EFBC}") = "SwitchMediaCandidateTest", "SwitchMediaCandidateTest\SwitchMediaCandidateTest\SwitchMediaCandidateTest.csproj", "{EE083248-4C08-4A0F-8826-5637C7055EC2}"
EndProject
Global
	GlobalSection(SolutionConfigurationPlatforms) = preSolution
		AppStore|Any CPU = AppStore|Any CPU
		AppStore|ARM = AppStore|ARM
		AppStore|iPhone = AppStore|iPhone
		AppStore|iPhoneSimulator = AppStore|iPhoneSimulator
		AppStore|x86 = AppStore|x86
		Debug|Any CPU = Debug|Any CPU
		Debug|ARM = Debug|ARM
		Debug|iPhone = Debug|iPhone
		Debug|iPhoneSimulator = Debug|iPhoneSimulator
		Debug|x86 = Debug|x86
		Release|Any CPU = Release|Any CPU
		Release|ARM = Release|ARM
		Release|iPhone = Release|iPhone
		Release|iPhoneSimulator = Release|iPhoneSimulator
		Release|x86 = Release|x86
	EndGlobalSection
	GlobalSection(ProjectConfigurationPlatforms) = postSolution
		{1962A9D2-1E89-49E9-B423-0BE88ED4C645}.AppStore|Any CPU.ActiveCfg = Release|Any CPU
		{1962A9D2-1E89-49E9-B423-0BE88ED4C645}.AppStore|Any CPU.Build.0 = Release|Any CPU
		{1962A9D2-1E89-49E9-B423-0BE88ED4C645}.AppStore|Any CPU.Deploy.0 = Release|Any CPU
		{1962A9D2-1E89-49E9-B423-0BE88ED4C645}.AppStore|ARM.ActiveCfg = Release|Any CPU
		{1962A9D2-1E89-49E9-B423-0BE88ED4C645}.AppStore|ARM.Build.0 = Release|Any CPU
		{1962A9D2-1E89-49E9-B423-0BE88ED4C645}.AppStore|ARM.Deploy.0 = Release|Any CPU
		{1962A9D2-1E89-49E9-B423-0BE88ED4C645}.AppStore|iPhone.ActiveCfg = Release|Any CPU
		{1962A9D2-1E89-49E9-B423-0BE88ED4C645}.AppStore|iPhone.Build.0 = Release|Any CPU
		{1962A9D2-1E89-49E9-B423-0BE88ED4C645}.AppStore|iPhone.Deploy.0 = Release|Any CPU
		{1962A9D2-1E89-49E9-B423-0BE88ED4C645}.AppStore|iPhoneSimulator.ActiveCfg = Release|Any CPU
		{1962A9D2-1E89-49E9-B423-0BE88ED4C645}.AppStore|iPhoneSimulator.Build.0 = Release|Any CPU
		{1962A9D2-1E89-49E9-B423-0BE88ED4C645}.AppStore|iPhoneSimulator.Deploy.0 = Release|Any CPU
		{1962A9D2-1E89-49E9-B423-0BE88ED4C645}.AppStore|x86.ActiveCfg = Release|Any CPU
		{1962A9D2-1E89-49E9-B423-0BE88ED4C645}.AppStore|x86.Build.0 = Release|Any CPU
		{1962A9D2-1E89-49E9-B423-0BE88ED4C645}.AppStore|x86.Deploy.0 = Release|Any CPU
		{1962A9D2-1E89-49E9-B423-0BE88ED4C645}.Debug|Any CPU.ActiveCfg = Debug|Any CPU
		{1962A9D2-1E89-49E9-B423-0BE88ED4C645}.Debug|Any CPU.Build.0 = Debug|Any CPU
		{1962A9D2-1E89-49E9-B423-0BE88ED4C645}.Debug|Any CPU.Deploy.0 = Debug|Any CPU
		{1962A9D2-1E89-49E9-B423-0BE88ED4C645}.Debug|ARM.ActiveCfg = Debug|Any CPU
		{1962A9D2-1E89-49E9-B423-0BE88ED4C645}.Debug|ARM.Build.0 = Debug|Any CPU
		{1962A9D2-1E89-49E9-B423-0BE88ED4C645}.Debug|ARM.Deploy.0 = Debug|Any CPU
		{1962A9D2-1E89-49E9-B423-0BE88ED4C645}.Debug|iPhone.ActiveCfg = Debug|Any CPU
		{1962A9D2-1E89-49E9-B423-0BE88ED4C645}.Debug|iPhone.Build.0 = Debug|Any CPU
		{1962A9D2-1E89-49E9-B423-0BE88ED4C645}.Debug|iPhone.Deploy.0 = Debug|Any CPU
		{1962A9D2-1E89-49E9-B423-0BE88ED4C645}.Debug|iPhoneSimulator.ActiveCfg = Debug|Any CPU
		{1962A9D2-1E89-49E9-B423-0BE88ED4C645}.Debug|iPhoneSimulator.Build.0 = Debug|Any CPU
		{1962A9D2-1E89-49E9-B423-0BE88ED4C645}.Debug|iPhoneSimulator.Deploy.0 = Debug|Any CPU
		{1962A9D2-1E89-49E9-B423-0BE88ED4C645}.Debug|x86.ActiveCfg = Debug|Any CPU
		{1962A9D2-1E89-49E9-B423-0BE88ED4C645}.Debug|x86.Build.0 = Debug|Any CPU
		{1962A9D2-1E89-49E9-B423-0BE88ED4C645}.Debug|x86.Deploy.0 = Debug|Any CPU
		{1962A9D2-1E89-49E9-B423-0BE88ED4C645}.Release|Any CPU.ActiveCfg = Release|Any CPU
		{1962A9D2-1E89-49E9-B423-0BE88ED4C645}.Release|Any CPU.Build.0 = Release|Any CPU
		{1962A9D2-1E89-49E9-B423-0BE88ED4C645}.Release|Any CPU.Deploy.0 = Release|Any CPU
		{1962A9D2-1E89-49E9-B423-0BE88ED4C645}.Release|ARM.ActiveCfg = Release|Any CPU
		{1962A9D2-1E89-49E9-B423-0BE88ED4C645}.Release|ARM.Build.0 = Release|Any CPU
		{1962A9D2-1E89-49E9-B423-0BE88ED4C645}.Release|ARM.Deploy.0 = Release|Any CPU
		{1962A9D2-1E89-49E9-B423-0BE88ED4C645}.Release|iPhone.ActiveCfg = Release|Any CPU
		{1962A9D2-1E89-49E9-B423-0BE88ED4C645}.Release|iPhone.Build.0 = Release|Any CPU
		{1962A9D2-1E89-49E9-B423-0BE88ED4C645}.Release|iPhone.Deploy.0 = Release|Any CPU
		{1962A9D2-1E89-49E9-B423-0BE88ED4C645}.Release|iPhoneSimulator.ActiveCfg = Release|Any CPU
		{1962A9D2-1E89-49E9-B423-0BE88ED4C645}.Release|iPhoneSimulator.Build.0 = Release|Any CPU
		{1962A9D2-1E89-49E9-B423-0BE88ED4C645}.Release|iPhoneSimulator.Deploy.0 = Release|Any CPU
		{1962A9D2-1E89-49E9-B423-0BE88ED4C645}.Release|x86.ActiveCfg = Release|Any CPU
		{1962A9D2-1E89-49E9-B423-0BE88ED4C645}.Release|x86.Build.0 = Release|Any CPU
		{1962A9D2-1E89-49E9-B423-0BE88ED4C645}.Release|x86.Deploy.0 = Release|Any CPU
		{42049A88-208B-42EA-B0B0-FCD599373074}.AppStore|Any CPU.ActiveCfg = AppStore|iPhone
		{42049A88-208B-42EA-B0B0-FCD599373074}.AppStore|ARM.ActiveCfg = AppStore|iPhone
		{42049A88-208B-42EA-B0B0-FCD599373074}.AppStore|iPhone.ActiveCfg = AppStore|iPhone
		{42049A88-208B-42EA-B0B0-FCD599373074}.AppStore|iPhone.Build.0 = AppStore|iPhone
		{42049A88-208B-42EA-B0B0-FCD599373074}.AppStore|iPhoneSimulator.ActiveCfg = AppStore|iPhoneSimulator
		{42049A88-208B-42EA-B0B0-FCD599373074}.AppStore|iPhoneSimulator.Build.0 = AppStore|iPhoneSimulator
		{42049A88-208B-42EA-B0B0-FCD599373074}.AppStore|x86.ActiveCfg = AppStore|iPhone
		{42049A88-208B-42EA-B0B0-FCD599373074}.Debug|Any CPU.ActiveCfg = Debug|iPhone
		{42049A88-208B-42EA-B0B0-FCD599373074}.Debug|ARM.ActiveCfg = Debug|iPhone
		{42049A88-208B-42EA-B0B0-FCD599373074}.Debug|iPhone.ActiveCfg = Debug|iPhone
		{42049A88-208B-42EA-B0B0-FCD599373074}.Debug|iPhone.Build.0 = Debug|iPhone
		{42049A88-208B-42EA-B0B0-FCD599373074}.Debug|iPhoneSimulator.ActiveCfg = Debug|iPhoneSimulator
		{42049A88-208B-42EA-B0B0-FCD599373074}.Debug|iPhoneSimulator.Build.0 = Debug|iPhoneSimulator
		{42049A88-208B-42EA-B0B0-FCD599373074}.Debug|x86.ActiveCfg = Debug|iPhone
		{42049A88-208B-42EA-B0B0-FCD599373074}.Release|Any CPU.ActiveCfg = Release|iPhone
		{42049A88-208B-42EA-B0B0-FCD599373074}.Release|ARM.ActiveCfg = Release|iPhone
		{42049A88-208B-42EA-B0B0-FCD599373074}.Release|iPhone.ActiveCfg = Release|iPhone
		{42049A88-208B-42EA-B0B0-FCD599373074}.Release|iPhone.Build.0 = Release|iPhone
		{42049A88-208B-42EA-B0B0-FCD599373074}.Release|iPhoneSimulator.ActiveCfg = Release|iPhoneSimulator
		{42049A88-208B-42EA-B0B0-FCD599373074}.Release|iPhoneSimulator.Build.0 = Release|iPhoneSimulator
		{42049A88-208B-42EA-B0B0-FCD599373074}.Release|x86.ActiveCfg = Release|iPhone
		{0E940DB0-7CFF-42B7-87F9-4FB0241F6FC3}.AppStore|Any CPU.ActiveCfg = Release|Any CPU
		{0E940DB0-7CFF-42B7-87F9-4FB0241F6FC3}.AppStore|Any CPU.Build.0 = Release|Any CPU
		{0E940DB0-7CFF-42B7-87F9-4FB0241F6FC3}.AppStore|Any CPU.Deploy.0 = Release|Any CPU
		{0E940DB0-7CFF-42B7-87F9-4FB0241F6FC3}.AppStore|ARM.ActiveCfg = Release|ARM
		{0E940DB0-7CFF-42B7-87F9-4FB0241F6FC3}.AppStore|ARM.Build.0 = Release|ARM
		{0E940DB0-7CFF-42B7-87F9-4FB0241F6FC3}.AppStore|ARM.Deploy.0 = Release|ARM
		{0E940DB0-7CFF-42B7-87F9-4FB0241F6FC3}.AppStore|iPhone.ActiveCfg = Release|Any CPU
		{0E940DB0-7CFF-42B7-87F9-4FB0241F6FC3}.AppStore|iPhone.Build.0 = Release|Any CPU
		{0E940DB0-7CFF-42B7-87F9-4FB0241F6FC3}.AppStore|iPhone.Deploy.0 = Release|Any CPU
		{0E940DB0-7CFF-42B7-87F9-4FB0241F6FC3}.AppStore|iPhoneSimulator.ActiveCfg = Release|Any CPU
		{0E940DB0-7CFF-42B7-87F9-4FB0241F6FC3}.AppStore|iPhoneSimulator.Build.0 = Release|Any CPU
		{0E940DB0-7CFF-42B7-87F9-4FB0241F6FC3}.AppStore|iPhoneSimulator.Deploy.0 = Release|Any CPU
		{0E940DB0-7CFF-42B7-87F9-4FB0241F6FC3}.AppStore|x86.ActiveCfg = Release|x86
		{0E940DB0-7CFF-42B7-87F9-4FB0241F6FC3}.AppStore|x86.Build.0 = Release|x86
		{0E940DB0-7CFF-42B7-87F9-4FB0241F6FC3}.AppStore|x86.Deploy.0 = Release|x86
		{0E940DB0-7CFF-42B7-87F9-4FB0241F6FC3}.Debug|Any CPU.ActiveCfg = Debug|Any CPU
		{0E940DB0-7CFF-42B7-87F9-4FB0241F6FC3}.Debug|Any CPU.Build.0 = Debug|Any CPU
		{0E940DB0-7CFF-42B7-87F9-4FB0241F6FC3}.Debug|Any CPU.Deploy.0 = Debug|Any CPU
		{0E940DB0-7CFF-42B7-87F9-4FB0241F6FC3}.Debug|ARM.ActiveCfg = Debug|ARM
		{0E940DB0-7CFF-42B7-87F9-4FB0241F6FC3}.Debug|ARM.Build.0 = Debug|ARM
		{0E940DB0-7CFF-42B7-87F9-4FB0241F6FC3}.Debug|ARM.Deploy.0 = Debug|ARM
		{0E940DB0-7CFF-42B7-87F9-4FB0241F6FC3}.Debug|iPhone.ActiveCfg = Debug|Any CPU
		{0E940DB0-7CFF-42B7-87F9-4FB0241F6FC3}.Debug|iPhone.Build.0 = Debug|Any CPU
		{0E940DB0-7CFF-42B7-87F9-4FB0241F6FC3}.Debug|iPhone.Deploy.0 = Debug|Any CPU
		{0E940DB0-7CFF-42B7-87F9-4FB0241F6FC3}.Debug|iPhoneSimulator.ActiveCfg = Debug|Any CPU
		{0E940DB0-7CFF-42B7-87F9-4FB0241F6FC3}.Debug|iPhoneSimulator.Build.0 = Debug|Any CPU
		{0E940DB0-7CFF-42B7-87F9-4FB0241F6FC3}.Debug|iPhoneSimulator.Deploy.0 = Debug|Any CPU
		{0E940DB0-7CFF-42B7-87F9-4FB0241F6FC3}.Debug|x86.ActiveCfg = Debug|x86
		{0E940DB0-7CFF-42B7-87F9-4FB0241F6FC3}.Debug|x86.Build.0 = Debug|x86
		{0E940DB0-7CFF-42B7-87F9-4FB0241F6FC3}.Debug|x86.Deploy.0 = Debug|x86
		{0E940DB0-7CFF-42B7-87F9-4FB0241F6FC3}.Release|Any CPU.ActiveCfg = Release|Any CPU
		{0E940DB0-7CFF-42B7-87F9-4FB0241F6FC3}.Release|Any CPU.Build.0 = Release|Any CPU
		{0E940DB0-7CFF-42B7-87F9-4FB0241F6FC3}.Release|Any CPU.Deploy.0 = Release|Any CPU
		{0E940DB0-7CFF-42B7-87F9-4FB0241F6FC3}.Release|ARM.ActiveCfg = Release|ARM
		{0E940DB0-7CFF-42B7-87F9-4FB0241F6FC3}.Release|ARM.Build.0 = Release|ARM
		{0E940DB0-7CFF-42B7-87F9-4FB0241F6FC3}.Release|ARM.Deploy.0 = Release|ARM
		{0E940DB0-7CFF-42B7-87F9-4FB0241F6FC3}.Release|iPhone.ActiveCfg = Release|Any CPU
		{0E940DB0-7CFF-42B7-87F9-4FB0241F6FC3}.Release|iPhone.Build.0 = Release|Any CPU
		{0E940DB0-7CFF-42B7-87F9-4FB0241F6FC3}.Release|iPhone.Deploy.0 = Release|Any CPU
		{0E940DB0-7CFF-42B7-87F9-4FB0241F6FC3}.Release|iPhoneSimulator.ActiveCfg = Release|Any CPU
		{0E940DB0-7CFF-42B7-87F9-4FB0241F6FC3}.Release|iPhoneSimulator.Build.0 = Release|Any CPU
		{0E940DB0-7CFF-42B7-87F9-4FB0241F6FC3}.Release|iPhoneSimulator.Deploy.0 = Release|Any CPU
		{0E940DB0-7CFF-42B7-87F9-4FB0241F6FC3}.Release|x86.ActiveCfg = Release|x86
		{0E940DB0-7CFF-42B7-87F9-4FB0241F6FC3}.Release|x86.Build.0 = Release|x86
		{0E940DB0-7CFF-42B7-87F9-4FB0241F6FC3}.Release|x86.Deploy.0 = Release|x86
		{EE083248-4C08-4A0F-8826-5637C7055EC2}.AppStore|Any CPU.ActiveCfg = Release|Any CPU
		{EE083248-4C08-4A0F-8826-5637C7055EC2}.AppStore|Any CPU.Build.0 = Release|Any CPU
		{EE083248-4C08-4A0F-8826-5637C7055EC2}.AppStore|ARM.ActiveCfg = Release|Any CPU
		{EE083248-4C08-4A0F-8826-5637C7055EC2}.AppStore|ARM.Build.0 = Release|Any CPU
		{EE083248-4C08-4A0F-8826-5637C7055EC2}.AppStore|iPhone.ActiveCfg = Release|Any CPU
		{EE083248-4C08-4A0F-8826-5637C7055EC2}.AppStore|iPhone.Build.0 = Release|Any CPU
		{EE083248-4C08-4A0F-8826-5637C7055EC2}.AppStore|iPhoneSimulator.ActiveCfg = Release|Any CPU
		{EE083248-4C08-4A0F-8826-5637C7055EC2}.AppStore|iPhoneSimulator.Build.0 = Release|Any CPU
		{EE083248-4C08-4A0F-8826-5637C7055EC2}.AppStore|x86.ActiveCfg = Release|Any CPU
		{EE083248-4C08-4A0F-8826-5637C7055EC2}.AppStore|x86.Build.0 = Release|Any CPU
		{EE083248-4C08-4A0F-8826-5637C7055EC2}.Debug|Any CPU.ActiveCfg = Debug|Any CPU
		{EE083248-4C08-4A0F-8826-5637C7055EC2}.Debug|Any CPU.Build.0 = Debug|Any CPU
		{EE083248-4C08-4A0F-8826-5637C7055EC2}.Debug|ARM.ActiveCfg = Debug|Any CPU
		{EE083248-4C08-4A0F-8826-5637C7055EC2}.Debug|ARM.Build.0 = Debug|Any CPU
		{EE083248-4C08-4A0F-8826-5637C7055EC2}.Debug|iPhone.ActiveCfg = Debug|Any CPU
		{EE083248-4C08-4A0F-8826-5637C7055EC2}.Debug|iPhone.Build.0 = Debug|Any CPU
		{EE083248-4C08-4A0F-8826-5637C7055EC2}.Debug|iPhoneSimulator.ActiveCfg = Debug|Any CPU
		{EE083248-4C08-4A0F-8826-5637C7055EC2}.Debug|iPhoneSimulator.Build.0 = Debug|Any CPU
		{EE083248-4C08-4A0F-8826-5637C7055EC2}.Debug|x86.ActiveCfg = Debug|Any CPU
		{EE083248-4C08-4A0F-8826-5637C7055EC2}.Debug|x86.Build.0 = Debug|Any CPU
		{EE083248-4C08-4A0F-8826-5637C7055EC2}.Release|Any CPU.ActiveCfg = Release|Any CPU
		{EE083248-4C08-4A0F-8826-5637C7055EC2}.Release|Any CPU.Build.0 = Release|Any CPU
		{EE083248-4C08-4A0F-8826-5637C7055EC2}.Release|ARM.ActiveCfg = Release|Any CPU
		{EE083248-4C08-4A0F-8826-5637C7055EC2}.Release|ARM.Build.0 = Release|Any CPU
		{EE083248-4C08-4A0F-8826-5637C7055EC2}.Release|iPhone.ActiveCfg = Release|Any CPU
		{EE083248-4C08-4A0F-8826-5637C7055EC2}.Release|iPhone.Build.0 = Release|Any CPU
		{EE083248-4C08-4A0F-8826-5637C7055EC2}.Release|iPhoneSimulator.ActiveCfg = Release|Any CPU
		{EE083248-4C08-4A0F-8826-5637C7055EC2}.Release|iPhoneSimulator.Build.0 = Release|Any CPU
		{EE083248-4C08-4A0F-8826-5637C7055EC2}.Release|x86.ActiveCfg = Release|Any CPU
		{EE083248-4C08-4A0F-8826-5637C7055EC2}.Release|x86.Build.0 = Release|Any CPU
	EndGlobalSection
	GlobalSection(SolutionProperties) = preSolution
		HideSolutionNode = FALSE
	EndGlobalSection
EndGlobal
